<Solution>
  <Project Path="CinemaSystem.API/CinemaSystem.API.csproj" />
  <Project Path="CinemaSystem.Application/CinemaSystem.Application.csproj" />
  <Project Path="CinemaSystem.Domain/CinemaSystem.Domain.csproj" />
  <Project Path="CinemaSystem.Infrastructure/CinemaSystem.Infrastructure.csproj" />
</Solution>
